
Microsoft Visual Studio Solution File, Format Version 12.00
# Visual Studio Version 17
VisualStudioVersion = 17.6.33723.286
MinimumVisualStudioVersion = 10.0.40219.1
Project("{8BC9CEB8-8B4A-11D0-8D11-00A0C91BC942}") = "VerletFrogCuda", "VerletFrogCuda.vcxproj", "{EAA000BD-83B6-4785-98CD-36601F24666B}"
EndProject
Global
	GlobalSection(SolutionConfigurationPlatforms) = preSolution
		Debug|x64 = Debug|x64
		Release|x64 = Release|x64
	EndGlobalSection
	GlobalSection(ProjectConfigurationPlatforms) = postSolution
		{EAA000BD-83B6-4785-98CD-36601F24666B}.Debug|x64.ActiveCfg = Debug|x64
		{EAA000BD-83B6-4785-98CD-36601F24666B}.Debug|x64.Build.0 = Debug|x64
		{EAA000BD-83B6-4785-98CD-36601F24666B}.Release|x64.ActiveCfg = Release|x64
		{EAA000BD-83B6-4785-98CD-36601F24666B}.Release|x64.Build.0 = Release|x64
	EndGlobalSection
	GlobalSection(SolutionProperties) = preSolution
		HideSolutionNode = FALSE
	EndGlobalSection
	GlobalSection(ExtensibilityGlobals) = postSolution
		SolutionGuid = {7FF6F4AD-FDA5-4946-9492-3E010199D807}
	EndGlobalSection
EndGlobal
